
Microsoft Visual Studio Solution File, Format Version 12.00
# Visual Studio Version 17
VisualStudioVersion = 17.0.31903.59
MinimumVisualStudioVersion = 10.0.40219.1
Project("{FAE04EC0-301F-11D3-BF4B-00C04F79EFBC}") = "CalculatorApp", "CalculatorApp\CalculatorApp.csproj", "{BC723CF9-1B06-4949-8E9A-204B4DB7882A}"
EndProject
Project("{FAE04EC0-301F-11D3-BF4B-00C04F79EFBC}") = "TestProject", "TestProject\TestProject.csproj", "{007FED53-7803-43C3-8E9D-FACFEBB8C846}"
EndProject
Global
	GlobalSection(SolutionConfigurationPlatforms) = preSolution
		Debug|Any CPU = Debug|Any CPU
		Release|Any CPU = Release|Any CPU
	EndGlobalSection
	GlobalSection(SolutionProperties) = preSolution
		HideSolutionNode = FALSE
	EndGlobalSection
	GlobalSection(ProjectConfigurationPlatforms) = postSolution
		{BC723CF9-1B06-4949-8E9A-204B4DB7882A}.Debug|Any CPU.ActiveCfg = Debug|Any CPU
		{BC723CF9-1B06-4949-8E9A-204B4DB7882A}.Debug|Any CPU.Build.0 = Debug|Any CPU
		{BC723CF9-1B06-4949-8E9A-204B4DB7882A}.Release|Any CPU.ActiveCfg = Release|Any CPU
		{BC723CF9-1B06-4949-8E9A-204B4DB7882A}.Release|Any CPU.Build.0 = Release|Any CPU
		{007FED53-7803-43C3-8E9D-FACFEBB8C846}.Debug|Any CPU.ActiveCfg = Debug|Any CPU
		{007FED53-7803-43C3-8E9D-FACFEBB8C846}.Debug|Any CPU.Build.0 = Debug|Any CPU
		{007FED53-7803-43C3-8E9D-FACFEBB8C846}.Release|Any CPU.ActiveCfg = Release|Any CPU
		{007FED53-7803-43C3-8E9D-FACFEBB8C846}.Release|Any CPU.Build.0 = Release|Any CPU
	EndGlobalSection
EndGlobal
